{
  "version": 4,
  "terraform_version": "0.13.0",
  "serial": 5,
  "lineage": "641749fb-63af-ab5a-a795-dd4f5dfe4086",
  "outputs": {},
  "resources": [
    {
      "mode": "managed",
      "type": "azurerm_resource_group",
      "name": "backendrg",
      "provider": "provider[\"registry.terraform.io/hashicorp/azurerm\"]",
      "instances": [
        {
          "schema_version": 0,
          "attributes": {
            "id": "/subscriptions/59b69340-4557-4c1e-8880-2d83d739b60f/resourceGroups/pbtfbackendrg",
            "location": "westus",
            "name": "pbtfbackendrg",
            "tags": null,
            "timeouts": null
          },
          "private": "eyJlMmJmYjczMC1lY2FhLTExZTYtOGY4OC0zNDM2M2JjN2M0YzAiOnsiY3JlYXRlIjo1NDAwMDAwMDAwMDAwLCJkZWxldGUiOjU0MDAwMDAwMDAwMDAsInJlYWQiOjMwMDAwMDAwMDAwMCwidXBkYXRlIjo1NDAwMDAwMDAwMDAwfX0="
        }
      ]
    },
    {
      "mode": "managed",
      "type": "azurerm_storage_account",
      "name": "store",
      "provider": "provider[\"registry.terraform.io/hashicorp/azurerm\"]",
      "instances": [
        {
          "schema_version": 2,
          "attributes": {
            "access_tier": "Hot",
            "account_kind": "StorageV2",
            "account_replication_type": "LRS",
            "account_tier": "Standard",
            "blob_properties": [],
            "custom_domain": [],
            "enable_https_traffic_only": true,
            "id": "/subscriptions/59b69340-4557-4c1e-8880-2d83d739b60f/resourceGroups/pbtfbackendrg/providers/Microsoft.Storage/storageAccounts/pbtfstatebackend2",
            "identity": [],
            "is_hns_enabled": false,
            "location": "westus",
            "name": "pbtfstatebackend2",
            "network_rules": [
              {
                "bypass": [
                  "AzureServices"
                ],
                "default_action": "Allow",
                "ip_rules": [],
                "virtual_network_subnet_ids": []
              }
            ],
            "primary_access_key": "PbrrPXK/uEXYDyxTsIy8/WXK9YCn8Uz3PJrFAflPipyBlPxMQX8iZPPzS7YMPFR6KEeB0uDS/LdbBKVBAbnf8g==",
            "primary_blob_connection_string": "DefaultEndpointsProtocol=https;BlobEndpoint=https://pbtfstatebackend2.blob.core.windows.net/;AccountName=pbtfstatebackend2;AccountKey=PbrrPXK/uEXYDyxTsIy8/WXK9YCn8Uz3PJrFAflPipyBlPxMQX8iZPPzS7YMPFR6KEeB0uDS/LdbBKVBAbnf8g==",
            "primary_blob_endpoint": "https://pbtfstatebackend2.blob.core.windows.net/",
            "primary_blob_host": "pbtfstatebackend2.blob.core.windows.net",
            "primary_connection_string": "DefaultEndpointsProtocol=https;AccountName=pbtfstatebackend2;AccountKey=PbrrPXK/uEXYDyxTsIy8/WXK9YCn8Uz3PJrFAflPipyBlPxMQX8iZPPzS7YMPFR6KEeB0uDS/LdbBKVBAbnf8g==;EndpointSuffix=core.windows.net",
            "primary_dfs_endpoint": "https://pbtfstatebackend2.dfs.core.windows.net/",
            "primary_dfs_host": "pbtfstatebackend2.dfs.core.windows.net",
            "primary_file_endpoint": "https://pbtfstatebackend2.file.core.windows.net/",
            "primary_file_host": "pbtfstatebackend2.file.core.windows.net",
            "primary_location": "westus",
            "primary_queue_endpoint": "https://pbtfstatebackend2.queue.core.windows.net/",
            "primary_queue_host": "pbtfstatebackend2.queue.core.windows.net",
            "primary_table_endpoint": "https://pbtfstatebackend2.table.core.windows.net/",
            "primary_table_host": "pbtfstatebackend2.table.core.windows.net",
            "primary_web_endpoint": "https://pbtfstatebackend2.z22.web.core.windows.net/",
            "primary_web_host": "pbtfstatebackend2.z22.web.core.windows.net",
            "queue_properties": [
              {
                "cors_rule": [],
                "hour_metrics": [
                  {
                    "enabled": true,
                    "include_apis": true,
                    "retention_policy_days": 7,
                    "version": "1.0"
                  }
                ],
                "logging": [
                  {
                    "delete": false,
                    "read": false,
                    "retention_policy_days": 0,
                    "version": "1.0",
                    "write": false
                  }
                ],
                "minute_metrics": [
                  {
                    "enabled": false,
                    "include_apis": false,
                    "retention_policy_days": 0,
                    "version": "1.0"
                  }
                ]
              }
            ],
            "resource_group_name": "pbtfbackendrg",
            "secondary_access_key": "gv/abGIS0u42NcUrl9By7WoJ7QCuLVUqvrSRrT5IBmGGkAKVqNE/uCVihaLiZtbP573BURJUGgGSZTVaPCOTMQ==",
            "secondary_blob_connection_string": "",
            "secondary_blob_endpoint": null,
            "secondary_blob_host": null,
            "secondary_connection_string": "DefaultEndpointsProtocol=https;AccountName=pbtfstatebackend2;AccountKey=gv/abGIS0u42NcUrl9By7WoJ7QCuLVUqvrSRrT5IBmGGkAKVqNE/uCVihaLiZtbP573BURJUGgGSZTVaPCOTMQ==;EndpointSuffix=core.windows.net",
            "secondary_dfs_endpoint": null,
            "secondary_dfs_host": null,
            "secondary_file_endpoint": null,
            "secondary_file_host": null,
            "secondary_location": "",
            "secondary_queue_endpoint": null,
            "secondary_queue_host": null,
            "secondary_table_endpoint": null,
            "secondary_table_host": null,
            "secondary_web_endpoint": null,
            "secondary_web_host": null,
            "static_website": [],
            "tags": {},
            "timeouts": null
          },
          "private": "eyJlMmJmYjczMC1lY2FhLTExZTYtOGY4OC0zNDM2M2JjN2M0YzAiOnsiY3JlYXRlIjozNjAwMDAwMDAwMDAwLCJkZWxldGUiOjM2MDAwMDAwMDAwMDAsInJlYWQiOjMwMDAwMDAwMDAwMCwidXBkYXRlIjozNjAwMDAwMDAwMDAwfSwic2NoZW1hX3ZlcnNpb24iOiIyIn0=",
          "dependencies": [
            "azurerm_resource_group.backendrg"
          ]
        }
      ]
    },
    {
      "mode": "managed",
      "type": "azurerm_storage_container",
      "name": "terraform",
      "provider": "provider[\"registry.terraform.io/hashicorp/azurerm\"]",
      "instances": [
        {
          "schema_version": 1,
          "attributes": {
            "container_access_type": "private",
            "has_immutability_policy": false,
            "has_legal_hold": false,
            "id": "https://pbtfstatebackend2.blob.core.windows.net/terraform",
            "metadata": {},
            "name": "terraform",
            "storage_account_name": "pbtfstatebackend2",
            "timeouts": null
          },
          "private": "eyJlMmJmYjczMC1lY2FhLTExZTYtOGY4OC0zNDM2M2JjN2M0YzAiOnsiY3JlYXRlIjoxODAwMDAwMDAwMDAwLCJkZWxldGUiOjE4MDAwMDAwMDAwMDAsInJlYWQiOjMwMDAwMDAwMDAwMCwidXBkYXRlIjoxODAwMDAwMDAwMDAwfSwic2NoZW1hX3ZlcnNpb24iOiIxIn0=",
          "dependencies": [
            "azurerm_resource_group.backendrg",
            "azurerm_storage_account.store"
          ]
        }
      ]
    }
  ]
}
